
Microsoft Visual Studio Solution File, Format Version 12.00
# Visual Studio Version 16
VisualStudioVersion = 16.0.29025.244
MinimumVisualStudioVersion = 10.0.40219.1
Project("{FAE04EC0-301F-11D3-BF4B-00C04F79EFBC}") = "XlsPipePlot", "XlsPipePlot.csproj", "{65818EF9-E56C-4A74-A48E-F457270AAFB8}"
EndProject
Global
	GlobalSection(SolutionConfigurationPlatforms) = preSolution
		Debug|Any CPU = Debug|Any CPU
		Release|Any CPU = Release|Any CPU
	EndGlobalSection
	GlobalSection(ProjectConfigurationPlatforms) = postSolution
		{65818EF9-E56C-4A74-A48E-F457270AAFB8}.Debug|Any CPU.ActiveCfg = Debug|Any CPU
		{65818EF9-E56C-4A74-A48E-F457270AAFB8}.Debug|Any CPU.Build.0 = Debug|Any CPU
		{65818EF9-E56C-4A74-A48E-F457270AAFB8}.Release|Any CPU.ActiveCfg = Release|Any CPU
		{65818EF9-E56C-4A74-A48E-F457270AAFB8}.Release|Any CPU.Build.0 = Release|Any CPU
	EndGlobalSection
	GlobalSection(SolutionProperties) = preSolution
		HideSolutionNode = FALSE
	EndGlobalSection
	GlobalSection(ExtensibilityGlobals) = postSolution
		SolutionGuid = {47334353-5054-4502-9805-496CD929650F}
	EndGlobalSection
EndGlobal
